
Microsoft Visual Studio Solution File, Format Version 12.00
# Visual Studio 15
VisualStudioVersion = 15.0.27004.2005
MinimumVisualStudioVersion = 10.0.40219.1
Project("{FAE04EC0-301F-11D3-BF4B-00C04F79EFBC}") = "GarageAdmin", "GarageAdmin\GarageAdmin.csproj", "{D7992241-034A-41D7-A86A-609D29E29D16}"
EndProject
Project("{FAE04EC0-301F-11D3-BF4B-00C04F79EFBC}") = "WebAPI", "WebAPI\WebAPI.csproj", "{F1FED26E-0E0F-4AE3-AC5C-DEBE1BBC565D}"
EndProject
Global
	GlobalSection(SolutionConfigurationPlatforms) = preSolution
		Debug|Any CPU = Debug|Any CPU
		Release|Any CPU = Release|Any CPU
	EndGlobalSection
	GlobalSection(ProjectConfigurationPlatforms) = postSolution
		{D7992241-034A-41D7-A86A-609D29E29D16}.Debug|Any CPU.ActiveCfg = Debug|Any CPU
		{D7992241-034A-41D7-A86A-609D29E29D16}.Debug|Any CPU.Build.0 = Debug|Any CPU
		{D7992241-034A-41D7-A86A-609D29E29D16}.Release|Any CPU.ActiveCfg = Release|Any CPU
		{D7992241-034A-41D7-A86A-609D29E29D16}.Release|Any CPU.Build.0 = Release|Any CPU
		{F1FED26E-0E0F-4AE3-AC5C-DEBE1BBC565D}.Debug|Any CPU.ActiveCfg = Debug|Any CPU
		{F1FED26E-0E0F-4AE3-AC5C-DEBE1BBC565D}.Debug|Any CPU.Build.0 = Debug|Any CPU
		{F1FED26E-0E0F-4AE3-AC5C-DEBE1BBC565D}.Release|Any CPU.ActiveCfg = Release|Any CPU
		{F1FED26E-0E0F-4AE3-AC5C-DEBE1BBC565D}.Release|Any CPU.Build.0 = Release|Any CPU
	EndGlobalSection
	GlobalSection(SolutionProperties) = preSolution
		HideSolutionNode = FALSE
	EndGlobalSection
	GlobalSection(ExtensibilityGlobals) = postSolution
		SolutionGuid = {6E2B3A09-0138-4848-AA12-770AFB0F73D8}
	EndGlobalSection
EndGlobal
